
Microsoft Visual Studio Solution File, Format Version 11.00
# Visual Studio 2010
Project("{8BC9CEB8-8B4A-11D0-8D11-00A0C91BC942}") = "diamond", "diamond\diamond.vcxproj", "{28F2A28F-70A9-49E8-938D-36B9304CC63B}"
EndProject
Global
	GlobalSection(SolutionConfigurationPlatforms) = preSolution
		Debug|Win32 = Debug|Win32
		Release|Win32 = Release|Win32
	EndGlobalSection
	GlobalSection(ProjectConfigurationPlatforms) = postSolution
		{28F2A28F-70A9-49E8-938D-36B9304CC63B}.Debug|Win32.ActiveCfg = Debug|Win32
		{28F2A28F-70A9-49E8-938D-36B9304CC63B}.Debug|Win32.Build.0 = Debug|Win32
		{28F2A28F-70A9-49E8-938D-36B9304CC63B}.Release|Win32.ActiveCfg = Release|Win32
		{28F2A28F-70A9-49E8-938D-36B9304CC63B}.Release|Win32.Build.0 = Release|Win32
	EndGlobalSection
	GlobalSection(SolutionProperties) = preSolution
		HideSolutionNode = FALSE
	EndGlobalSection
EndGlobal
