
Microsoft Visual Studio Solution File, Format Version 11.00
# Visual Studio 2010
Project("{8BC9CEB8-8B4A-11D0-8D11-00A0C91BC942}") = "Program 7_10", "Program 7_10\Program 7_10.vcxproj", "{DC3E3859-80EB-4A8A-9086-7C61D020B839}"
EndProject
Global
	GlobalSection(SolutionConfigurationPlatforms) = preSolution
		Debug|Win32 = Debug|Win32
		Release|Win32 = Release|Win32
	EndGlobalSection
	GlobalSection(ProjectConfigurationPlatforms) = postSolution
		{DC3E3859-80EB-4A8A-9086-7C61D020B839}.Debug|Win32.ActiveCfg = Debug|Win32
		{DC3E3859-80EB-4A8A-9086-7C61D020B839}.Debug|Win32.Build.0 = Debug|Win32
		{DC3E3859-80EB-4A8A-9086-7C61D020B839}.Release|Win32.ActiveCfg = Release|Win32
		{DC3E3859-80EB-4A8A-9086-7C61D020B839}.Release|Win32.Build.0 = Release|Win32
	EndGlobalSection
	GlobalSection(SolutionProperties) = preSolution
		HideSolutionNode = FALSE
	EndGlobalSection
EndGlobal
