
Microsoft Visual Studio Solution File, Format Version 11.00
# Visual Studio 2010
Project("{8BC9CEB8-8B4A-11D0-8D11-00A0C91BC942}") = "AreaCalculator", "AreaCalculator\AreaCalculator.vcxproj", "{A40B5549-E0DC-484F-A6B4-DB5ED346C26B}"
EndProject
Global
	GlobalSection(SolutionConfigurationPlatforms) = preSolution
		Debug|Win32 = Debug|Win32
		Release|Win32 = Release|Win32
	EndGlobalSection
	GlobalSection(ProjectConfigurationPlatforms) = postSolution
		{A40B5549-E0DC-484F-A6B4-DB5ED346C26B}.Debug|Win32.ActiveCfg = Debug|Win32
		{A40B5549-E0DC-484F-A6B4-DB5ED346C26B}.Debug|Win32.Build.0 = Debug|Win32
		{A40B5549-E0DC-484F-A6B4-DB5ED346C26B}.Release|Win32.ActiveCfg = Release|Win32
		{A40B5549-E0DC-484F-A6B4-DB5ED346C26B}.Release|Win32.Build.0 = Release|Win32
	EndGlobalSection
	GlobalSection(SolutionProperties) = preSolution
		HideSolutionNode = FALSE
	EndGlobalSection
EndGlobal
